// !$*UTF8*$!
{
	archiveVersion = 1;
	classes = {
	};
	objectVersion = 46;
	objects = {

/* Begin PBXBuildFile section */
		D9444AEA1DCB9E1C008EF4C1 /* AppDelegate.swift in Sources */ = {isa = PBXBuildFile; fileRef = D9444AE91DCB9E1C008EF4C1 /* AppDelegate.swift */; };
		D9444AEC1DCB9E1C008EF4C1 /* ViewController.swift in Sources */ = {isa = PBXBuildFile; fileRef = D9444AEB1DCB9E1C008EF4C1 /* ViewController.swift */; };
		D9444AEF1DCB9E1C008EF4C1 /* Main.storyboard in Resources */ = {isa = PBXBuildFile; fileRef = D9444AED1DCB9E1C008EF4C1 /* Main.storyboard */; };
		D9444AF11DCB9E1C008EF4C1 /* Assets.xcassets in Resources */ = {isa = PBXBuildFile; fileRef = D9444AF01DCB9E1C008EF4C1 /* Assets.xcassets */; };
		D9444AF41DCB9E1C008EF4C1 /* LaunchScreen.storyboard in Resources */ = {isa = PBXBuildFile; fileRef = D9444AF21DCB9E1C008EF4C1 /* LaunchScreen.storyboard */; };
/* End PBXBuildFile section */

/* Begin PBXFileReference section */
		D9444AE61DCB9E1C008EF4C1 /* snapchat2.app */ = {isa = PBXFileReference; explicitFileType = wrapper.application; includeInIndex = 0; path = snapchat2.app; sourceTree = BUILT_PRODUCTS_DIR; };
		D9444AE91DCB9E1C008EF4C1 /* AppDelegate.swift */ = {isa = PBXFileReference; lastKnownFileType = sourcecode.swift; path = AppDelegate.swift; sourceTree = "<group>"; };
		D9444AEB1DCB9E1C008EF4C1 /* ViewController.swift */ = {isa = PBXFileReference; lastKnownFileType = sourcecode.swift; path = ViewController.swift; sourceTree = "<group>"; };
		D9444AEE1DCB9E1C008EF4C1 /* Base */ = {isa = PBXFileReference; lastKnownFileType = file.storyboard; name = Base; path = Base.lproj/Main.storyboard; sourceTree = "<group>"; };
		D9444AF01DCB9E1C008EF4C1 /* Assets.xcassets */ = {isa = PBXFileReference; lastKnownFileType = folder.assetcatalog; path = Assets.xcassets; sourceTree = "<group>"; };
		D9444AF31DCB9E1C008EF4C1 /* Base */ = {isa = PBXFileReference; lastKnownFileType = file.storyboard; name = Base; path = Base.lproj/LaunchScreen.storyboard; sourceTree = "<group>"; };
		D9444AF51DCB9E1C008EF4C1 /* Info.plist */ = {isa = PBXFileReference; lastKnownFileType = text.plist.xml; path = Info.plist; sourceTree = "<group>"; };
/* End PBXFileReference section */

/* Begin PBXFrameworksBuildPhase section */
		D9444AE31DCB9E1B008EF4C1 /* Frameworks */ = {
			isa = PBXFrameworksBuildPhase;
			buildActionMask = 2147483647;
			files = (
			);
			runOnlyForDeploymentPostprocessing = 0;
		};
/* End PBXFrameworksBuildPhase section */

/* Begin PBXGroup section */
		D9444ADD1DCB9E1B008EF4C1 = {
			isa = PBXGroup;
			children = (
				D9444AE81DCB9E1C008EF4C1 /* snapchat2 */,
				D9444AE71DCB9E1C008EF4C1 /* Products */,
			);
			sourceTree = "<group>";
		};
		D9444AE71DCB9E1C008EF4C1 /* Products */ = {
			isa = PBXGroup;
			children = (
				D9444AE61DCB9E1C008EF4C1 /* snapchat2.app */,
			);
			name = Products;
			sourceTree = "<group>";
		};
		D9444AE81DCB9E1C008EF4C1 /* snapchat2 */ = {
			isa = PBXGroup;
			children = (
				D9444AE91DCB9E1C008EF4C1 /* AppDelegate.swift */,
				D9444AEB1DCB9E1C008EF4C1 /* ViewController.swift */,
				D9444AED1DCB9E1C008EF4C1 /* Main.storyboard */,
				D9444AF01DCB9E1C008EF4C1 /* Assets.xcassets */,
				D9444AF21DCB9E1C008EF4C1 /* LaunchScreen.storyboard */,
				D9444AF51DCB9E1C008EF4C1 /* Info.plist */,
			);
			path = snapchat2;
			sourceTree = "<group>";
		};
/* End PBXGroup section */

/* Begin PBXNativeTarget section */
		D9444AE51DCB9E1B008EF4C1 /* snapchat2 */ = {
			isa = PBXNativeTarget;
			buildConfigurationList = D9444AF81DCB9E1C008EF4C1 /* Build configuration list for PBXNativeTarget "snapchat2" */;
			buildPhases = (
				D9444AE21DCB9E1B008EF4C1 /* Sources */,
				D9444AE31DCB9E1B008EF4C1 /* Frameworks */,
				D9444AE41DCB9E1B008EF4C1 /* Resources */,
			);
			buildRules = (
			);
			dependencies = (
			);
			name = snapchat2;
			productName = snapchat2;
			productReference = D9444AE61DCB9E1C008EF4C1 /* snapchat2.app */;
			productType = "com.apple.product-type.application";
		};
/* End PBXNativeTarget section */

/* Begin PBXProject section */
		D9444ADE1DCB9E1B008EF4C1 /* Project object */ = {
			isa = PBXProject;
			attributes = {
				LastSwiftUpdateCheck = 0810;
				LastUpgradeCheck = 0810;
				ORGANIZATIONNAME = petet;
				TargetAttributes = {
					D9444AE51DCB9E1B008EF4C1 = {
						CreatedOnToolsVersion = 8.1;
						ProvisioningStyle = Automatic;
					};
				};
			};
			buildConfigurationList = D9444AE11DCB9E1B008EF4C1 /* Build configuration list for PBXProject "snapchat2" */;
			compatibilityVersion = "Xcode 3.2";
			developmentRegion = English;
			hasScannedForEncodings = 0;
			knownRegions = (
				en,
				Base,
			);
			mainGroup = D9444ADD1DCB9E1B008EF4C1;
			productRefGroup = D9444AE71DCB9E1C008EF4C1 /* Products */;
			projectDirPath = "";
			projectRoot = "";
			targets = (
				D9444AE51DCB9E1B008EF4C1 /* snapchat2 */,
			);
		};
/* End PBXProject section */

/* Begin PBXResourcesBuildPhase section */
		D9444AE41DCB9E1B008EF4C1 /* Resources */ = {
			isa = PBXResourcesBuildPhase;
			buildActionMask = 2147483647;
			files = (
				D9444AF41DCB9E1C008EF4C1 /* LaunchScreen.storyboard in Resources */,
				D9444AF11DCB9E1C008EF4C1 /* Assets.xcassets in Resources */,
				D9444AEF1DCB9E1C008EF4C1 /* Main.storyboard in Resources */,
			);
			runOnlyForDeploymentPostprocessing = 0;
		};
/* End PBXResourcesBuildPhase section */

/* Begin PBXSourcesBuildPhase section */
		D9444AE21DCB9E1B008EF4C1 /* Sources */ = {
			isa = PBXSourcesBuildPhase;
			buildActionMask = 2147483647;
			files = (
				D9444AEC1DCB9E1C008EF4C1 /* ViewController.swift in Sources */,
				D9444AEA1DCB9E1C008EF4C1 /* AppDelegate.swift in Sources */,
			);
			runOnlyForDeploymentPostprocessing = 0;
		};
/* End PBXSourcesBuildPhase section */

/* Begin PBXVariantGroup section */
		D9444AED1DCB9E1C008EF4C1 /* Main.storyboard */ = {
			isa = PBXVariantGroup;
			children = (
				D9444AEE1DCB9E1C008EF4C1 /* Base */,
			);
			name = Main.storyboard;
			sourceTree = "<group>";
		};
		D9444AF21DCB9E1C008EF4C1 /* LaunchScreen.storyboard */ = {
			isa = PBXVariantGroup;
			children = (
				D9444AF31DCB9E1C008EF4C1 /* Base */,
			);
			name = LaunchScreen.storyboard;
			sourceTree = "<group>";
		};
/* End PBXVariantGroup section */

/* Begin XCBuildConfiguration section */
		D9444AF61DCB9E1C008EF4C1 /* Debug */ = {
			isa = XCBuildConfiguration;
			buildSettings = {
				ALWAYS_SEARCH_USER_PATHS = NO;
				CLANG_ANALYZER_NONNULL = YES;
				CLANG_CXX_LANGUAGE_STANDARD = "gnu++0x";
				CLANG_CXX_LIBRARY = "libc++";
				CLANG_ENABLE_MODULES = YES;
				CLANG_ENABLE_OBJC_ARC = YES;
				CLANG_WARN_BOOL_CONVERSION = YES;
				CLANG_WARN_CONSTANT_CONVERSION = YES;
				CLANG_WARN_DIRECT_OBJC_ISA_USAGE = YES_ERROR;
				CLANG_WARN_DOCUMENTATION_COMMENTS = YES;
				CLANG_WARN_EMPTY_BODY = YES;
				CLANG_WARN_ENUM_CONVERSION = YES;
				CLANG_WARN_INFINITE_RECURSION = YES;
				CLANG_WARN_INT_CONVERSION = YES;
				CLANG_WARN_OBJC_ROOT_CLASS = YES_ERROR;
				CLANG_WARN_SUSPICIOUS_MOVES = YES;
				CLANG_WARN_UNREACHABLE_CODE = YES;
				CLANG_WARN__DUPLICATE_METHOD_MATCH = YES;
				"CODE_SIGN_IDENTITY[sdk=iphoneos*]" = "iPhone Developer";
				COPY_PHASE_STRIP = NO;
				DEBUG_INFORMATION_FORMAT = dwarf;
				ENABLE_STRICT_OBJC_MSGSEND = YES;
				ENABLE_TESTABILITY = YES;
				GCC_C_LANGUAGE_STANDARD = gnu99;
				GCC_DYNAMIC_NO_PIC = NO;
				GCC_NO_COMMON_BLOCKS = YES;
				GCC_OPTIMIZATION_LEVEL = 0;
				GCC_PREPROCESSOR_DEFINITIONS = (
					"DEBUG=1",
					"$(inherited)",
				);
				GCC_WARN_64_TO_32_BIT_CONVERSION = YES;
				GCC_WARN_ABOUT_RETURN_TYPE = YES_ERROR;
				GCC_WARN_UNDECLARED_SELECTOR = YES;
				GCC_WARN_UNINITIALIZED_AUTOS = YES_AGGRESSIVE;
				GCC_WARN_UNUSED_FUNCTION = YES;
				GCC_WARN_UNUSED_VARIABLE = YES;
				IPHONEOS_DEPLOYMENT_TARGET = 10.1;
				MTL_ENABLE_DEBUG_INFO = YES;
				ONLY_ACTIVE_ARCH = YES;
				SDKROOT = iphoneos;
				SWIFT_ACTIVE_COMPILATION_CONDITIONS = DEBUG;
				SWIFT_OPTIMIZATION_LEVEL = "-Onone";
				TARGETED_DEVICE_FAMILY = "1,2";
			};
			name = Debug;
		};
		D9444AF71DCB9E1C008EF4C1 /* Release */ = {
			isa = XCBuildConfiguration;
			buildSettings = {
				ALWAYS_SEARCH_USER_PATHS = NO;
				CLANG_ANALYZER_NONNULL = YES;
				CLANG_CXX_LANGUAGE_STANDARD = "gnu++0x";
				CLANG_CXX_LIBRARY = "libc++";
				CLANG_ENABLE_MODULES = YES;
				CLANG_ENABLE_OBJC_ARC = YES;
				CLANG_WARN_BOOL_CONVERSION = YES;
				CLANG_WARN_CONSTANT_CONVERSION = YES;
				CLANG_WARN_DIRECT_OBJC_ISA_USAGE = YES_ERROR;
				CLANG_WARN_DOCUMENTATION_COMMENTS = YES;
				CLANG_WARN_EMPTY_BODY = YES;
				CLANG_WARN_ENUM_CONVERSION = YES;
				CLANG_WARN_INFINITE_RECURSION = YES;
				CLANG_WARN_INT_CONVERSION = YES;
				CLANG_WARN_OBJC_ROOT_CLASS = YES_ERROR;
				CLANG_WARN_SUSPICIOUS_MOVES = YES;
				CLANG_WARN_UNREACHABLE_CODE = YES;
				CLANG_WARN__DUPLICATE_METHOD_MATCH = YES;
				"CODE_SIGN_IDENTITY[sdk=iphoneos*]" = "iPhone Developer";
				COPY_PHASE_STRIP = NO;
				DEBUG_INFORMATION_FORMAT = "dwarf-with-dsym";
				ENABLE_NS_ASSERTIONS = NO;
				ENABLE_STRICT_OBJC_MSGSEND = YES;
				GCC_C_LANGUAGE_STANDARD = gnu99;
				GCC_NO_COMMON_BLOCKS = YES;
				GCC_WARN_64_TO_32_BIT_CONVERSION = YES;
				GCC_WARN_ABOUT_RETURN_TYPE = YES_ERROR;
				GCC_WARN_UNDECLARED_SELECTOR = YES;
				GCC_WARN_UNINITIALIZED_AUTOS = YES_AGGRESSIVE;
				GCC_WARN_UNUSED_FUNCTION = YES;
				GCC_WARN_UNUSED_VARIABLE = YES;
				IPHONEOS_DEPLOYMENT_TARGET = 10.1;
				MTL_ENABLE_DEBUG_INFO = NO;
				SDKROOT = iphoneos;
				SWIFT_OPTIMIZATION_LEVEL = "-Owholemodule";
				TARGETED_DEVICE_FAMILY = "1,2";
				VALIDATE_PRODUCT = YES;
			};
			name = Release;
		};
		D9444AF91DCB9E1C008EF4C1 /* Debug */ = {
			isa = XCBuildConfiguration;
			buildSettings = {
				ASSETCATALOG_COMPILER_APPICON_NAME = AppIcon;
				INFOPLIST_FILE = snapchat2/Info.plist;
				LD_RUNPATH_SEARCH_PATHS = "$(inherited) @executable_path/Frameworks";
				PRODUCT_BUNDLE_IDENTIFIER = co.pjt.snapchat2;
				PRODUCT_NAME = "$(TARGET_NAME)";
				SWIFT_VERSION = 3.0;
			};
			name = Debug;
		};
		D9444AFA1DCB9E1C008EF4C1 /* Release */ = {
			isa = XCBuildConfiguration;
			buildSettings = {
				ASSETCATALOG_COMPILER_APPICON_NAME = AppIcon;
				INFOPLIST_FILE = snapchat2/Info.plist;
				LD_RUNPATH_SEARCH_PATHS = "$(inherited) @executable_path/Frameworks";
				PRODUCT_BUNDLE_IDENTIFIER = co.pjt.snapchat2;
				PRODUCT_NAME = "$(TARGET_NAME)";
				SWIFT_VERSION = 3.0;
			};
			name = Release;
		};
/* End XCBuildConfiguration section */

/* Begin XCConfigurationList section */
		D9444AE11DCB9E1B008EF4C1 /* Build configuration list for PBXProject "snapchat2" */ = {
			isa = XCConfigurationList;
			buildConfigurations = (
				D9444AF61DCB9E1C008EF4C1 /* Debug */,
				D9444AF71DCB9E1C008EF4C1 /* Release */,
			);
			defaultConfigurationIsVisible = 0;
			defaultConfigurationName = Release;
		};
		D9444AF81DCB9E1C008EF4C1 /* Build configuration list for PBXNativeTarget "snapchat2" */ = {
			isa = XCConfigurationList;
			buildConfigurations = (
				D9444AF91DCB9E1C008EF4C1 /* Debug */,
				D9444AFA1DCB9E1C008EF4C1 /* Release */,
			);
			defaultConfigurationIsVisible = 0;
		};
/* End XCConfigurationList section */
	};
	rootObject = D9444ADE1DCB9E1B008EF4C1 /* Project object */;
}
